
Microsoft Visual Studio Solution File, Format Version 12.00
# Visual Studio Version 17
VisualStudioVersion = 17.10.35013.160
MinimumVisualStudioVersion = 10.0.40219.1
Project("{8BC9CEB8-8B4A-11D0-8D11-00A0C91BC942}") = "paint", "paint.vcxproj", "{9664BE22-22EE-3DB2-80F2-BC4CA7885A52}"
EndProject
Global
	GlobalSection(SolutionConfigurationPlatforms) = preSolution
		Debug|x64 = Debug|x64
		Release|x64 = Release|x64
	EndGlobalSection
	GlobalSection(ProjectConfigurationPlatforms) = postSolution
		{9664BE22-22EE-3DB2-80F2-BC4CA7885A52}.Debug|x64.ActiveCfg = Debug|x64
		{9664BE22-22EE-3DB2-80F2-BC4CA7885A52}.Debug|x64.Build.0 = Debug|x64
		{9664BE22-22EE-3DB2-80F2-BC4CA7885A52}.Release|x64.ActiveCfg = Release|x64
		{9664BE22-22EE-3DB2-80F2-BC4CA7885A52}.Release|x64.Build.0 = Release|x64
	EndGlobalSection
	GlobalSection(SolutionProperties) = preSolution
		HideSolutionNode = FALSE
	EndGlobalSection
	GlobalSection(ExtensibilityGlobals) = postSolution
		SolutionGuid = {B6D62C0C-7A51-49DC-8022-E193CA767C04}
	EndGlobalSection
EndGlobal
